
Microsoft Visual Studio Solution File, Format Version 12.00
# Visual Studio 15
VisualStudioVersion = 15.0.27004.2006
MinimumVisualStudioVersion = 10.0.40219.1
Project("{9A19103F-16F7-4668-BE54-9A1E7A4F7556}") = "RunPathTest", "RunPathTest\RunPathTest.csproj", "{1C2A4C90-6A0A-405E-BA9B-4BFBB1CD402C}"
EndProject
Project("{9A19103F-16F7-4668-BE54-9A1E7A4F7556}") = "Runpath.services", "Runpath.services\Runpath.services.csproj", "{13740E43-C0E1-4DC2-B922-ABB48F8F4461}"
EndProject
Project("{9A19103F-16F7-4668-BE54-9A1E7A4F7556}") = "Runpath.repository", "Runpath.repository\Runpath.repository.csproj", "{7108D792-CFEE-4D7D-BFB2-DDD729E330F7}"
EndProject
Project("{9A19103F-16F7-4668-BE54-9A1E7A4F7556}") = "Runpath.domain", "Runpath.domain\Runpath.domain.csproj", "{A0E2FD31-17BB-48F3-82BA-CC64AE0D3494}"
EndProject
Project("{FAE04EC0-301F-11D3-BF4B-00C04F79EFBC}") = "Runpath.unitTests", "Runpath.unitTests\Runpath.unitTests.csproj", "{D2759CA6-54BC-47AA-B1B2-1D9C246DFC65}"
EndProject
Global
	GlobalSection(SolutionConfigurationPlatforms) = preSolution
		Debug|Any CPU = Debug|Any CPU
		Release|Any CPU = Release|Any CPU
	EndGlobalSection
	GlobalSection(ProjectConfigurationPlatforms) = postSolution
		{1C2A4C90-6A0A-405E-BA9B-4BFBB1CD402C}.Debug|Any CPU.ActiveCfg = Debug|Any CPU
		{1C2A4C90-6A0A-405E-BA9B-4BFBB1CD402C}.Debug|Any CPU.Build.0 = Debug|Any CPU
		{1C2A4C90-6A0A-405E-BA9B-4BFBB1CD402C}.Release|Any CPU.ActiveCfg = Release|Any CPU
		{1C2A4C90-6A0A-405E-BA9B-4BFBB1CD402C}.Release|Any CPU.Build.0 = Release|Any CPU
		{13740E43-C0E1-4DC2-B922-ABB48F8F4461}.Debug|Any CPU.ActiveCfg = Debug|Any CPU
		{13740E43-C0E1-4DC2-B922-ABB48F8F4461}.Debug|Any CPU.Build.0 = Debug|Any CPU
		{13740E43-C0E1-4DC2-B922-ABB48F8F4461}.Release|Any CPU.ActiveCfg = Release|Any CPU
		{13740E43-C0E1-4DC2-B922-ABB48F8F4461}.Release|Any CPU.Build.0 = Release|Any CPU
		{7108D792-CFEE-4D7D-BFB2-DDD729E330F7}.Debug|Any CPU.ActiveCfg = Debug|Any CPU
		{7108D792-CFEE-4D7D-BFB2-DDD729E330F7}.Debug|Any CPU.Build.0 = Debug|Any CPU
		{7108D792-CFEE-4D7D-BFB2-DDD729E330F7}.Release|Any CPU.ActiveCfg = Release|Any CPU
		{7108D792-CFEE-4D7D-BFB2-DDD729E330F7}.Release|Any CPU.Build.0 = Release|Any CPU
		{A0E2FD31-17BB-48F3-82BA-CC64AE0D3494}.Debug|Any CPU.ActiveCfg = Debug|Any CPU
		{A0E2FD31-17BB-48F3-82BA-CC64AE0D3494}.Debug|Any CPU.Build.0 = Debug|Any CPU
		{A0E2FD31-17BB-48F3-82BA-CC64AE0D3494}.Release|Any CPU.ActiveCfg = Release|Any CPU
		{A0E2FD31-17BB-48F3-82BA-CC64AE0D3494}.Release|Any CPU.Build.0 = Release|Any CPU
		{D2759CA6-54BC-47AA-B1B2-1D9C246DFC65}.Debug|Any CPU.ActiveCfg = Debug|Any CPU
		{D2759CA6-54BC-47AA-B1B2-1D9C246DFC65}.Debug|Any CPU.Build.0 = Debug|Any CPU
		{D2759CA6-54BC-47AA-B1B2-1D9C246DFC65}.Release|Any CPU.ActiveCfg = Release|Any CPU
		{D2759CA6-54BC-47AA-B1B2-1D9C246DFC65}.Release|Any CPU.Build.0 = Release|Any CPU
	EndGlobalSection
	GlobalSection(SolutionProperties) = preSolution
		HideSolutionNode = FALSE
	EndGlobalSection
	GlobalSection(ExtensibilityGlobals) = postSolution
		SolutionGuid = {2BF7C385-FFF0-47EF-8A40-50B2D6335DED}
	EndGlobalSection
EndGlobal
